
Microsoft Visual Studio Solution File, Format Version 12.00
# Visual Studio Version 16
VisualStudioVersion = 16.0.31025.194
MinimumVisualStudioVersion = 10.0.40219.1
Project("{9A19103F-16F7-4668-BE54-9A1E7A4F7556}") = "ClassIntro", "yazilimKursu\ClassIntro.csproj", "{572F12C6-F945-44CB-A32A-C5192AC7FBE6}"
EndProject
Project("{9A19103F-16F7-4668-BE54-9A1E7A4F7556}") = "Metotlar", "Metotlar\Metotlar.csproj", "{5EE002EC-2405-43C0-B906-213DDDE9EFEC}"
EndProject
Project("{9A19103F-16F7-4668-BE54-9A1E7A4F7556}") = "DegerVeReferansTipler", "DegerVeReferansTipler\DegerVeReferansTipler.csproj", "{D3CE528B-DE49-48DE-9EF0-497CF7B75FC9}"
EndProject
Project("{9A19103F-16F7-4668-BE54-9A1E7A4F7556}") = "OOP1", "OOP1\OOP1.csproj", "{552E7597-4D65-4CC9-9383-FE3B751A0777}"
EndProject
Project("{9A19103F-16F7-4668-BE54-9A1E7A4F7556}") = "Collections", "Collections\Collections.csproj", "{63190F29-1329-47C7-9F6E-4F4C69523D04}"
EndProject
Project("{9A19103F-16F7-4668-BE54-9A1E7A4F7556}") = "GenericsIntro", "GenericsIntro\GenericsIntro.csproj", "{AF3621C4-9DDA-4B12-A6D3-DDD07529C1CE}"
EndProject
Project("{9A19103F-16F7-4668-BE54-9A1E7A4F7556}") = "(4-HW1)ReferenceTypes", "ReferenceTypes(4-HW1)\(4-HW1)ReferenceTypes.csproj", "{550C1637-E3CC-4889-9567-D516B729BDBB}"
EndProject
Project("{9A19103F-16F7-4668-BE54-9A1E7A4F7556}") = "MyDictionary", "MyDictionary\MyDictionary.csproj", "{C82F9AF5-F50F-4711-858E-95B2889547A2}"
EndProject
Project("{9A19103F-16F7-4668-BE54-9A1E7A4F7556}") = "(4-HW2)Constructors", "(4-HW2)Constructors\(4-HW2)Constructors.csproj", "{F0BD40BF-42EE-433F-9469-1A94EEFC0265}"
EndProject
Project("{9A19103F-16F7-4668-BE54-9A1E7A4F7556}") = "(4-HW3)Generics", "(4-HW3)Generics\(4-HW3)Generics.csproj", "{3C6AE8FE-64F8-4189-8073-C36A9D2A7452}"
EndProject
Project("{9A19103F-16F7-4668-BE54-9A1E7A4F7556}") = "OOP2", "OOP2\OOP2.csproj", "{3E781571-C93C-495F-B29D-1A1C7B1FDE53}"
EndProject
Project("{9A19103F-16F7-4668-BE54-9A1E7A4F7556}") = "OOP3", "OOP3\OOP3.csproj", "{60797F70-8B49-4201-AB0B-CA0EEA5FA61F}"
EndProject
Project("{9A19103F-16F7-4668-BE54-9A1E7A4F7556}") = "(5-HW1)Classes", "(5-HW1)Classes\(5-HW1)Classes.csproj", "{D1D46622-77F4-4DF3-A384-EE6894661FB7}"
EndProject
Project("{9A19103F-16F7-4668-BE54-9A1E7A4F7556}") = "(5-HW1)RecapDemo1", "(5-HW1)RecapDemo1\(5-HW1)RecapDemo1.csproj", "{0DB9979D-6F37-4774-8BA0-A45CB81BD099}"
EndProject
Project("{9A19103F-16F7-4668-BE54-9A1E7A4F7556}") = "(5-HW1)Interfaces", "(5-HW1)Interfaces\(5-HW1)Interfaces.csproj", "{BB37B98A-54FE-4ABD-89BF-DA417E782CD6}"
EndProject
Project("{9A19103F-16F7-4668-BE54-9A1E7A4F7556}") = "(5-HW1)InterfacesDemo", "(5-HW1)InterfacesDemo\(5-HW1)InterfacesDemo.csproj", "{7A21C817-4B90-407E-93A8-87B8CAFE4F8A}"
EndProject
Project("{9A19103F-16F7-4668-BE54-9A1E7A4F7556}") = "(5-HW1)Inheritance", "(5-HW1)Inheritance\(5-HW1)Inheritance.csproj", "{CAFA9C49-4796-45FA-8EF1-B6059FE5DA8A}"
EndProject
Project("{9A19103F-16F7-4668-BE54-9A1E7A4F7556}") = "(5-HW2)Interfaces2", "(5-HW2)Interfaces2\(5-HW2)Interfaces2.csproj", "{329D1D93-D36B-4BDC-AD43-384B079EF57D}"
EndProject
Project("{FAE04EC0-301F-11D3-BF4B-00C04F79EFBC}") = "(5-HW3)AbstractClass", "(5-HW3)AbstractClass\(5-HW3)AbstractClass.csproj", "{F8EC2994-6738-415F-AA6A-7C610C9039FF}"
EndProject
Global
	GlobalSection(SolutionConfigurationPlatforms) = preSolution
		Debug|Any CPU = Debug|Any CPU
		Release|Any CPU = Release|Any CPU
	EndGlobalSection
	GlobalSection(ProjectConfigurationPlatforms) = postSolution
		{572F12C6-F945-44CB-A32A-C5192AC7FBE6}.Debug|Any CPU.ActiveCfg = Debug|Any CPU
		{572F12C6-F945-44CB-A32A-C5192AC7FBE6}.Debug|Any CPU.Build.0 = Debug|Any CPU
		{572F12C6-F945-44CB-A32A-C5192AC7FBE6}.Release|Any CPU.ActiveCfg = Release|Any CPU
		{572F12C6-F945-44CB-A32A-C5192AC7FBE6}.Release|Any CPU.Build.0 = Release|Any CPU
		{5EE002EC-2405-43C0-B906-213DDDE9EFEC}.Debug|Any CPU.ActiveCfg = Debug|Any CPU
		{5EE002EC-2405-43C0-B906-213DDDE9EFEC}.Debug|Any CPU.Build.0 = Debug|Any CPU
		{5EE002EC-2405-43C0-B906-213DDDE9EFEC}.Release|Any CPU.ActiveCfg = Release|Any CPU
		{5EE002EC-2405-43C0-B906-213DDDE9EFEC}.Release|Any CPU.Build.0 = Release|Any CPU
		{D3CE528B-DE49-48DE-9EF0-497CF7B75FC9}.Debug|Any CPU.ActiveCfg = Debug|Any CPU
		{D3CE528B-DE49-48DE-9EF0-497CF7B75FC9}.Debug|Any CPU.Build.0 = Debug|Any CPU
		{D3CE528B-DE49-48DE-9EF0-497CF7B75FC9}.Release|Any CPU.ActiveCfg = Release|Any CPU
		{D3CE528B-DE49-48DE-9EF0-497CF7B75FC9}.Release|Any CPU.Build.0 = Release|Any CPU
		{552E7597-4D65-4CC9-9383-FE3B751A0777}.Debug|Any CPU.ActiveCfg = Debug|Any CPU
		{552E7597-4D65-4CC9-9383-FE3B751A0777}.Debug|Any CPU.Build.0 = Debug|Any CPU
		{552E7597-4D65-4CC9-9383-FE3B751A0777}.Release|Any CPU.ActiveCfg = Release|Any CPU
		{552E7597-4D65-4CC9-9383-FE3B751A0777}.Release|Any CPU.Build.0 = Release|Any CPU
		{63190F29-1329-47C7-9F6E-4F4C69523D04}.Debug|Any CPU.ActiveCfg = Debug|Any CPU
		{63190F29-1329-47C7-9F6E-4F4C69523D04}.Debug|Any CPU.Build.0 = Debug|Any CPU
		{63190F29-1329-47C7-9F6E-4F4C69523D04}.Release|Any CPU.ActiveCfg = Release|Any CPU
		{63190F29-1329-47C7-9F6E-4F4C69523D04}.Release|Any CPU.Build.0 = Release|Any CPU
		{AF3621C4-9DDA-4B12-A6D3-DDD07529C1CE}.Debug|Any CPU.ActiveCfg = Debug|Any CPU
		{AF3621C4-9DDA-4B12-A6D3-DDD07529C1CE}.Debug|Any CPU.Build.0 = Debug|Any CPU
		{AF3621C4-9DDA-4B12-A6D3-DDD07529C1CE}.Release|Any CPU.ActiveCfg = Release|Any CPU
		{AF3621C4-9DDA-4B12-A6D3-DDD07529C1CE}.Release|Any CPU.Build.0 = Release|Any CPU
		{550C1637-E3CC-4889-9567-D516B729BDBB}.Debug|Any CPU.ActiveCfg = Debug|Any CPU
		{550C1637-E3CC-4889-9567-D516B729BDBB}.Debug|Any CPU.Build.0 = Debug|Any CPU
		{550C1637-E3CC-4889-9567-D516B729BDBB}.Release|Any CPU.ActiveCfg = Release|Any CPU
		{550C1637-E3CC-4889-9567-D516B729BDBB}.Release|Any CPU.Build.0 = Release|Any CPU
		{C82F9AF5-F50F-4711-858E-95B2889547A2}.Debug|Any CPU.ActiveCfg = Debug|Any CPU
		{C82F9AF5-F50F-4711-858E-95B2889547A2}.Debug|Any CPU.Build.0 = Debug|Any CPU
		{C82F9AF5-F50F-4711-858E-95B2889547A2}.Release|Any CPU.ActiveCfg = Release|Any CPU
		{C82F9AF5-F50F-4711-858E-95B2889547A2}.Release|Any CPU.Build.0 = Release|Any CPU
		{F0BD40BF-42EE-433F-9469-1A94EEFC0265}.Debug|Any CPU.ActiveCfg = Debug|Any CPU
		{F0BD40BF-42EE-433F-9469-1A94EEFC0265}.Debug|Any CPU.Build.0 = Debug|Any CPU
		{F0BD40BF-42EE-433F-9469-1A94EEFC0265}.Release|Any CPU.ActiveCfg = Release|Any CPU
		{F0BD40BF-42EE-433F-9469-1A94EEFC0265}.Release|Any CPU.Build.0 = Release|Any CPU
		{3C6AE8FE-64F8-4189-8073-C36A9D2A7452}.Debug|Any CPU.ActiveCfg = Debug|Any CPU
		{3C6AE8FE-64F8-4189-8073-C36A9D2A7452}.Debug|Any CPU.Build.0 = Debug|Any CPU
		{3C6AE8FE-64F8-4189-8073-C36A9D2A7452}.Release|Any CPU.ActiveCfg = Release|Any CPU
		{3C6AE8FE-64F8-4189-8073-C36A9D2A7452}.Release|Any CPU.Build.0 = Release|Any CPU
		{3E781571-C93C-495F-B29D-1A1C7B1FDE53}.Debug|Any CPU.ActiveCfg = Debug|Any CPU
		{3E781571-C93C-495F-B29D-1A1C7B1FDE53}.Debug|Any CPU.Build.0 = Debug|Any CPU
		{3E781571-C93C-495F-B29D-1A1C7B1FDE53}.Release|Any CPU.ActiveCfg = Release|Any CPU
		{3E781571-C93C-495F-B29D-1A1C7B1FDE53}.Release|Any CPU.Build.0 = Release|Any CPU
		{60797F70-8B49-4201-AB0B-CA0EEA5FA61F}.Debug|Any CPU.ActiveCfg = Debug|Any CPU
		{60797F70-8B49-4201-AB0B-CA0EEA5FA61F}.Debug|Any CPU.Build.0 = Debug|Any CPU
		{60797F70-8B49-4201-AB0B-CA0EEA5FA61F}.Release|Any CPU.ActiveCfg = Release|Any CPU
		{60797F70-8B49-4201-AB0B-CA0EEA5FA61F}.Release|Any CPU.Build.0 = Release|Any CPU
		{D1D46622-77F4-4DF3-A384-EE6894661FB7}.Debug|Any CPU.ActiveCfg = Debug|Any CPU
		{D1D46622-77F4-4DF3-A384-EE6894661FB7}.Debug|Any CPU.Build.0 = Debug|Any CPU
		{D1D46622-77F4-4DF3-A384-EE6894661FB7}.Release|Any CPU.ActiveCfg = Release|Any CPU
		{D1D46622-77F4-4DF3-A384-EE6894661FB7}.Release|Any CPU.Build.0 = Release|Any CPU
		{0DB9979D-6F37-4774-8BA0-A45CB81BD099}.Debug|Any CPU.ActiveCfg = Debug|Any CPU
		{0DB9979D-6F37-4774-8BA0-A45CB81BD099}.Debug|Any CPU.Build.0 = Debug|Any CPU
		{0DB9979D-6F37-4774-8BA0-A45CB81BD099}.Release|Any CPU.ActiveCfg = Release|Any CPU
		{0DB9979D-6F37-4774-8BA0-A45CB81BD099}.Release|Any CPU.Build.0 = Release|Any CPU
		{BB37B98A-54FE-4ABD-89BF-DA417E782CD6}.Debug|Any CPU.ActiveCfg = Debug|Any CPU
		{BB37B98A-54FE-4ABD-89BF-DA417E782CD6}.Debug|Any CPU.Build.0 = Debug|Any CPU
		{BB37B98A-54FE-4ABD-89BF-DA417E782CD6}.Release|Any CPU.ActiveCfg = Release|Any CPU
		{BB37B98A-54FE-4ABD-89BF-DA417E782CD6}.Release|Any CPU.Build.0 = Release|Any CPU
		{7A21C817-4B90-407E-93A8-87B8CAFE4F8A}.Debug|Any CPU.ActiveCfg = Debug|Any CPU
		{7A21C817-4B90-407E-93A8-87B8CAFE4F8A}.Debug|Any CPU.Build.0 = Debug|Any CPU
		{7A21C817-4B90-407E-93A8-87B8CAFE4F8A}.Release|Any CPU.ActiveCfg = Release|Any CPU
		{7A21C817-4B90-407E-93A8-87B8CAFE4F8A}.Release|Any CPU.Build.0 = Release|Any CPU
		{CAFA9C49-4796-45FA-8EF1-B6059FE5DA8A}.Debug|Any CPU.ActiveCfg = Debug|Any CPU
		{CAFA9C49-4796-45FA-8EF1-B6059FE5DA8A}.Debug|Any CPU.Build.0 = Debug|Any CPU
		{CAFA9C49-4796-45FA-8EF1-B6059FE5DA8A}.Release|Any CPU.ActiveCfg = Release|Any CPU
		{CAFA9C49-4796-45FA-8EF1-B6059FE5DA8A}.Release|Any CPU.Build.0 = Release|Any CPU
		{329D1D93-D36B-4BDC-AD43-384B079EF57D}.Debug|Any CPU.ActiveCfg = Debug|Any CPU
		{329D1D93-D36B-4BDC-AD43-384B079EF57D}.Debug|Any CPU.Build.0 = Debug|Any CPU
		{329D1D93-D36B-4BDC-AD43-384B079EF57D}.Release|Any CPU.ActiveCfg = Release|Any CPU
		{329D1D93-D36B-4BDC-AD43-384B079EF57D}.Release|Any CPU.Build.0 = Release|Any CPU
		{F8EC2994-6738-415F-AA6A-7C610C9039FF}.Debug|Any CPU.ActiveCfg = Debug|Any CPU
		{F8EC2994-6738-415F-AA6A-7C610C9039FF}.Debug|Any CPU.Build.0 = Debug|Any CPU
		{F8EC2994-6738-415F-AA6A-7C610C9039FF}.Release|Any CPU.ActiveCfg = Release|Any CPU
		{F8EC2994-6738-415F-AA6A-7C610C9039FF}.Release|Any CPU.Build.0 = Release|Any CPU
	EndGlobalSection
	GlobalSection(SolutionProperties) = preSolution
		HideSolutionNode = FALSE
	EndGlobalSection
	GlobalSection(ExtensibilityGlobals) = postSolution
		SolutionGuid = {671C8764-7607-4169-9E47-0730D4ABCE17}
	EndGlobalSection
EndGlobal
